
Microsoft Visual Studio Solution File, Format Version 12.00
# Visual Studio Version 17
VisualStudioVersion = 17.14.36203.30
MinimumVisualStudioVersion = 10.0.40219.1
Project("{FAE04EC0-301F-11D3-BF4B-00C04F79EFBC}") = "OOPsReview", "OOPsReview\OOPsReview.csproj", "{8C7EB4C7-D48F-46B4-8739-99A16ED07C3C}"
EndProject
Project("{FAE04EC0-301F-11D3-BF4B-00C04F79EFBC}") = "UnitTestingForSystem", "UnitTestingForSystem\UnitTestingForSystem.csproj", "{C0897C27-2577-8CC1-06AD-86CBEF93F163}"
EndProject
Project("{FAE04EC0-301F-11D3-BF4B-00C04F79EFBC}") = "TDDUnitTesting", "TDDUnitTesting\TDDUnitTesting.csproj", "{EA45448B-E4CC-4388-B690-91A9808911A7}"
EndProject
Global
	GlobalSection(SolutionConfigurationPlatforms) = preSolution
		Debug|Any CPU = Debug|Any CPU
		Release|Any CPU = Release|Any CPU
	EndGlobalSection
	GlobalSection(ProjectConfigurationPlatforms) = postSolution
		{8C7EB4C7-D48F-46B4-8739-99A16ED07C3C}.Debug|Any CPU.ActiveCfg = Debug|Any CPU
		{8C7EB4C7-D48F-46B4-8739-99A16ED07C3C}.Debug|Any CPU.Build.0 = Debug|Any CPU
		{8C7EB4C7-D48F-46B4-8739-99A16ED07C3C}.Release|Any CPU.ActiveCfg = Release|Any CPU
		{8C7EB4C7-D48F-46B4-8739-99A16ED07C3C}.Release|Any CPU.Build.0 = Release|Any CPU
		{C0897C27-2577-8CC1-06AD-86CBEF93F163}.Debug|Any CPU.ActiveCfg = Debug|Any CPU
		{C0897C27-2577-8CC1-06AD-86CBEF93F163}.Debug|Any CPU.Build.0 = Debug|Any CPU
		{C0897C27-2577-8CC1-06AD-86CBEF93F163}.Release|Any CPU.ActiveCfg = Release|Any CPU
		{C0897C27-2577-8CC1-06AD-86CBEF93F163}.Release|Any CPU.Build.0 = Release|Any CPU
		{EA45448B-E4CC-4388-B690-91A9808911A7}.Debug|Any CPU.ActiveCfg = Debug|Any CPU
		{EA45448B-E4CC-4388-B690-91A9808911A7}.Debug|Any CPU.Build.0 = Debug|Any CPU
		{EA45448B-E4CC-4388-B690-91A9808911A7}.Release|Any CPU.ActiveCfg = Release|Any CPU
		{EA45448B-E4CC-4388-B690-91A9808911A7}.Release|Any CPU.Build.0 = Release|Any CPU
	EndGlobalSection
	GlobalSection(SolutionProperties) = preSolution
		HideSolutionNode = FALSE
	EndGlobalSection
	GlobalSection(ExtensibilityGlobals) = postSolution
		SolutionGuid = {FABA3A98-8091-4769-A832-1D245B06C1B8}
	EndGlobalSection
EndGlobal
